
Microsoft Visual Studio Solution File, Format Version 12.00
# Visual Studio Version 16
VisualStudioVersion = 16.0.31205.134
MinimumVisualStudioVersion = 10.0.40219.1
Project("{9A19103F-16F7-4668-BE54-9A1E7A4F7556}") = "AddressBook.API", "AddressBook.API\AddressBook.API.csproj", "{36219E30-ABF4-4CD4-B532-70330CCA3B78}"
EndProject
Project("{9A19103F-16F7-4668-BE54-9A1E7A4F7556}") = "AddressBook.EntityFramework", "AddressBook.EntityFramework\AddressBook.EntityFramework.csproj", "{B548120D-0F93-4D1D-BC7B-D3B21F34C641}"
EndProject
Project("{9A19103F-16F7-4668-BE54-9A1E7A4F7556}") = "AddressBook.Core", "AddressBook.Core\AddressBook.Core.csproj", "{62616C27-D344-46AC-B437-24C113609D7E}"
EndProject
Project("{FAE04EC0-301F-11D3-BF4B-00C04F79EFBC}") = "AddressBook.Test", "AddressBook.Test\AddressBook.Test.csproj", "{12D50186-F7B3-4646-B58E-4B1B9C8F2B41}"
EndProject
Global
	GlobalSection(SolutionConfigurationPlatforms) = preSolution
		Debug|Any CPU = Debug|Any CPU
		Release|Any CPU = Release|Any CPU
	EndGlobalSection
	GlobalSection(ProjectConfigurationPlatforms) = postSolution
		{36219E30-ABF4-4CD4-B532-70330CCA3B78}.Debug|Any CPU.ActiveCfg = Debug|Any CPU
		{36219E30-ABF4-4CD4-B532-70330CCA3B78}.Debug|Any CPU.Build.0 = Debug|Any CPU
		{36219E30-ABF4-4CD4-B532-70330CCA3B78}.Release|Any CPU.ActiveCfg = Release|Any CPU
		{36219E30-ABF4-4CD4-B532-70330CCA3B78}.Release|Any CPU.Build.0 = Release|Any CPU
		{B548120D-0F93-4D1D-BC7B-D3B21F34C641}.Debug|Any CPU.ActiveCfg = Debug|Any CPU
		{B548120D-0F93-4D1D-BC7B-D3B21F34C641}.Debug|Any CPU.Build.0 = Debug|Any CPU
		{B548120D-0F93-4D1D-BC7B-D3B21F34C641}.Release|Any CPU.ActiveCfg = Release|Any CPU
		{B548120D-0F93-4D1D-BC7B-D3B21F34C641}.Release|Any CPU.Build.0 = Release|Any CPU
		{62616C27-D344-46AC-B437-24C113609D7E}.Debug|Any CPU.ActiveCfg = Debug|Any CPU
		{62616C27-D344-46AC-B437-24C113609D7E}.Debug|Any CPU.Build.0 = Debug|Any CPU
		{62616C27-D344-46AC-B437-24C113609D7E}.Release|Any CPU.ActiveCfg = Release|Any CPU
		{62616C27-D344-46AC-B437-24C113609D7E}.Release|Any CPU.Build.0 = Release|Any CPU
		{12D50186-F7B3-4646-B58E-4B1B9C8F2B41}.Debug|Any CPU.ActiveCfg = Debug|Any CPU
		{12D50186-F7B3-4646-B58E-4B1B9C8F2B41}.Debug|Any CPU.Build.0 = Debug|Any CPU
		{12D50186-F7B3-4646-B58E-4B1B9C8F2B41}.Release|Any CPU.ActiveCfg = Release|Any CPU
		{12D50186-F7B3-4646-B58E-4B1B9C8F2B41}.Release|Any CPU.Build.0 = Release|Any CPU
	EndGlobalSection
	GlobalSection(SolutionProperties) = preSolution
		HideSolutionNode = FALSE
	EndGlobalSection
	GlobalSection(ExtensibilityGlobals) = postSolution
		SolutionGuid = {96AEBB9D-7161-4E47-B57C-B2CF451DF096}
	EndGlobalSection
EndGlobal
